
Microsoft Visual Studio Solution File, Format Version 12.00
# Visual Studio Version 17
VisualStudioVersion = 17.0.31919.166
MinimumVisualStudioVersion = 10.0.40219.1
Project("{FAE04EC0-301F-11D3-BF4B-00C04F79EFBC}") = "Tutorial_site_1", "Tutorial_site_1\Tutorial_site_1.csproj", "{58C2DAE5-A651-40BA-B2B5-F8F2DC18CA75}"
EndProject
Global
	GlobalSection(SolutionConfigurationPlatforms) = preSolution
		Debug|Any CPU = Debug|Any CPU
		Release|Any CPU = Release|Any CPU
	EndGlobalSection
	GlobalSection(ProjectConfigurationPlatforms) = postSolution
		{58C2DAE5-A651-40BA-B2B5-F8F2DC18CA75}.Debug|Any CPU.ActiveCfg = Debug|Any CPU
		{58C2DAE5-A651-40BA-B2B5-F8F2DC18CA75}.Debug|Any CPU.Build.0 = Debug|Any CPU
		{58C2DAE5-A651-40BA-B2B5-F8F2DC18CA75}.Release|Any CPU.ActiveCfg = Release|Any CPU
		{58C2DAE5-A651-40BA-B2B5-F8F2DC18CA75}.Release|Any CPU.Build.0 = Release|Any CPU
	EndGlobalSection
	GlobalSection(SolutionProperties) = preSolution
		HideSolutionNode = FALSE
	EndGlobalSection
	GlobalSection(ExtensibilityGlobals) = postSolution
		SolutionGuid = {4C25D92F-9E93-49B9-8BD5-82688A11721B}
	EndGlobalSection
EndGlobal
