
Microsoft Visual Studio Solution File, Format Version 12.00
# Visual Studio Version 17
VisualStudioVersion = 17.0.31903.59
MinimumVisualStudioVersion = 10.0.40219.1
Project("{9A19103F-16F7-4668-BE54-9A1E7A4F7556}") = "Tutorial2", "tutorial2\Tutorial2.csproj", "{0CF77786-2E8B-49DD-A1C3-DD09A8EDCACF}"
EndProject
Project("{2150E333-8FDC-42A3-9474-1A3956D46DE8}") = "Domain", "Domain", "{90B417EF-A9F4-41B4-AF28-5CD203F8755D}"
EndProject
Project("{9A19103F-16F7-4668-BE54-9A1E7A4F7556}") = "Tutorial2.Domain", "Tutorial2.Domain\Tutorial2.Domain.csproj", "{A796D069-0C4E-4A4E-AB1C-33D6A2A37D8A}"
EndProject
Project("{2150E333-8FDC-42A3-9474-1A3956D46DE8}") = "DAL", "DAL", "{98B4E1AB-0C3D-4CE7-B04F-8D4FB6605DB9}"
EndProject
Project("{FAE04EC0-301F-11D3-BF4B-00C04F79EFBC}") = "Tutorial2.DAL", "Tutorial2.DAL\Tutorial2.DAL.csproj", "{423AA5E2-9C0C-4795-B87F-F0E052AA047D}"
EndProject
Global
	GlobalSection(SolutionConfigurationPlatforms) = preSolution
		Debug|Any CPU = Debug|Any CPU
		Release|Any CPU = Release|Any CPU
	EndGlobalSection
	GlobalSection(ProjectConfigurationPlatforms) = postSolution
		{0CF77786-2E8B-49DD-A1C3-DD09A8EDCACF}.Debug|Any CPU.ActiveCfg = Debug|Any CPU
		{0CF77786-2E8B-49DD-A1C3-DD09A8EDCACF}.Debug|Any CPU.Build.0 = Debug|Any CPU
		{0CF77786-2E8B-49DD-A1C3-DD09A8EDCACF}.Release|Any CPU.ActiveCfg = Release|Any CPU
		{0CF77786-2E8B-49DD-A1C3-DD09A8EDCACF}.Release|Any CPU.Build.0 = Release|Any CPU
		{A796D069-0C4E-4A4E-AB1C-33D6A2A37D8A}.Debug|Any CPU.ActiveCfg = Debug|Any CPU
		{A796D069-0C4E-4A4E-AB1C-33D6A2A37D8A}.Debug|Any CPU.Build.0 = Debug|Any CPU
		{A796D069-0C4E-4A4E-AB1C-33D6A2A37D8A}.Release|Any CPU.ActiveCfg = Release|Any CPU
		{A796D069-0C4E-4A4E-AB1C-33D6A2A37D8A}.Release|Any CPU.Build.0 = Release|Any CPU
		{423AA5E2-9C0C-4795-B87F-F0E052AA047D}.Debug|Any CPU.ActiveCfg = Debug|Any CPU
		{423AA5E2-9C0C-4795-B87F-F0E052AA047D}.Debug|Any CPU.Build.0 = Debug|Any CPU
		{423AA5E2-9C0C-4795-B87F-F0E052AA047D}.Release|Any CPU.ActiveCfg = Release|Any CPU
		{423AA5E2-9C0C-4795-B87F-F0E052AA047D}.Release|Any CPU.Build.0 = Release|Any CPU
	EndGlobalSection
	GlobalSection(SolutionProperties) = preSolution
		HideSolutionNode = FALSE
	EndGlobalSection
	GlobalSection(NestedProjects) = preSolution
		{A796D069-0C4E-4A4E-AB1C-33D6A2A37D8A} = {90B417EF-A9F4-41B4-AF28-5CD203F8755D}
		{423AA5E2-9C0C-4795-B87F-F0E052AA047D} = {98B4E1AB-0C3D-4CE7-B04F-8D4FB6605DB9}
	EndGlobalSection
	GlobalSection(ExtensibilityGlobals) = postSolution
		SolutionGuid = {2D3004D5-7572-492F-A373-66F91A64FB91}
	EndGlobalSection
EndGlobal
